
Microsoft Visual Studio Solution File, Format Version 12.00
# Visual Studio Version 16
VisualStudioVersion = 16.0.30320.27
MinimumVisualStudioVersion = 10.0.40219.1
Project("{9A19103F-16F7-4668-BE54-9A1E7A4F7556}") = "IDP", "IDP\IDP.csproj", "{34579656-3DF3-45BA-9381-D7DCC50EB4E9}"
EndProject
Project("{E24C65DC-7377-472B-9ABA-BC803B73C61A}") = "angular", "angular\", "{31C05809-32E2-4DBF-9928-CCD6137A23D6}"
	ProjectSection(WebsiteProperties) = preProject
		TargetFrameworkMoniker = ".NETFramework,Version%3Dv4.0"
		Debug.AspNetCompiler.VirtualPath = "/localhost_6162"
		Debug.AspNetCompiler.PhysicalPath = "angular\"
		Debug.AspNetCompiler.TargetPath = "PrecompiledWeb\localhost_6162\"
		Debug.AspNetCompiler.Updateable = "true"
		Debug.AspNetCompiler.ForceOverwrite = "true"
		Debug.AspNetCompiler.FixedNames = "false"
		Debug.AspNetCompiler.Debug = "True"
		Release.AspNetCompiler.VirtualPath = "/localhost_6162"
		Release.AspNetCompiler.PhysicalPath = "angular\"
		Release.AspNetCompiler.TargetPath = "PrecompiledWeb\localhost_6162\"
		Release.AspNetCompiler.Updateable = "true"
		Release.AspNetCompiler.ForceOverwrite = "true"
		Release.AspNetCompiler.FixedNames = "false"
		Release.AspNetCompiler.Debug = "False"
		VWDPort = "6162"
		SlnRelativePath = "angular\"
	EndProjectSection
EndProject
Global
	GlobalSection(SolutionConfigurationPlatforms) = preSolution
		Debug|Any CPU = Debug|Any CPU
		Release|Any CPU = Release|Any CPU
	EndGlobalSection
	GlobalSection(ProjectConfigurationPlatforms) = postSolution
		{34579656-3DF3-45BA-9381-D7DCC50EB4E9}.Debug|Any CPU.ActiveCfg = Debug|Any CPU
		{34579656-3DF3-45BA-9381-D7DCC50EB4E9}.Debug|Any CPU.Build.0 = Debug|Any CPU
		{34579656-3DF3-45BA-9381-D7DCC50EB4E9}.Release|Any CPU.ActiveCfg = Release|Any CPU
		{34579656-3DF3-45BA-9381-D7DCC50EB4E9}.Release|Any CPU.Build.0 = Release|Any CPU
		{31C05809-32E2-4DBF-9928-CCD6137A23D6}.Debug|Any CPU.ActiveCfg = Debug|Any CPU
		{31C05809-32E2-4DBF-9928-CCD6137A23D6}.Debug|Any CPU.Build.0 = Debug|Any CPU
		{31C05809-32E2-4DBF-9928-CCD6137A23D6}.Release|Any CPU.ActiveCfg = Debug|Any CPU
		{31C05809-32E2-4DBF-9928-CCD6137A23D6}.Release|Any CPU.Build.0 = Debug|Any CPU
	EndGlobalSection
	GlobalSection(SolutionProperties) = preSolution
		HideSolutionNode = FALSE
	EndGlobalSection
	GlobalSection(ExtensibilityGlobals) = postSolution
		SolutionGuid = {C543A3D8-A021-42BA-92F4-E29D57377BED}
	EndGlobalSection
EndGlobal
